
Microsoft Visual Studio Solution File, Format Version 12.00
# Visual Studio Version 16
VisualStudioVersion = 16.0.29102.190
MinimumVisualStudioVersion = 15.0.26124.0
Project("{9A19103F-16F7-4668-BE54-9A1E7A4F7556}") = "CatalogApi", "CatalogApi\CatalogApi.csproj", "{B2D11EFC-52ED-4F47-9404-CFC4C7028585}"
EndProject
Project("{9A19103F-16F7-4668-BE54-9A1E7A4F7556}") = "GatewayApi", "GatewayApi\GatewayApi.csproj", "{A09397FE-742E-4297-B934-8DDF11A38CA6}"
EndProject
Project("{9A19103F-16F7-4668-BE54-9A1E7A4F7556}") = "OrdersApi", "OrdersApi\OrdersApi.csproj", "{46BED3AD-6E02-461B-B650-DD3C9AD77D56}"
EndProject
Project("{2150E333-8FDC-42A3-9474-1A3956D46DE8}") = "Api", "Api", "{01F77388-4704-4C37-9BBA-7F47E6FAB7DD}"
EndProject
Project("{2150E333-8FDC-42A3-9474-1A3956D46DE8}") = "Test", "Test", "{FAF974D3-9904-469B-8A68-00CAE54D3DE2}"
EndProject
Project("{9A19103F-16F7-4668-BE54-9A1E7A4F7556}") = "CatalogApi.UnitTests", "CatalogApi.UnitTests\CatalogApi.UnitTests.csproj", "{8822A6FD-82A2-4C03-9331-053A247C7549}"
EndProject
Project("{9A19103F-16F7-4668-BE54-9A1E7A4F7556}") = "OrdersApi.UnitTests", "OrdersApi.UnitTests\OrdersApi.UnitTests.csproj", "{13B4C113-5E3B-45E2-886F-1BF0572F1AFA}"
EndProject
Global
	GlobalSection(SolutionConfigurationPlatforms) = preSolution
		Debug|Any CPU = Debug|Any CPU
		Debug|x64 = Debug|x64
		Debug|x86 = Debug|x86
		Release|Any CPU = Release|Any CPU
		Release|x64 = Release|x64
		Release|x86 = Release|x86
	EndGlobalSection
	GlobalSection(ProjectConfigurationPlatforms) = postSolution
		{B2D11EFC-52ED-4F47-9404-CFC4C7028585}.Debug|Any CPU.ActiveCfg = Debug|Any CPU
		{B2D11EFC-52ED-4F47-9404-CFC4C7028585}.Debug|Any CPU.Build.0 = Debug|Any CPU
		{B2D11EFC-52ED-4F47-9404-CFC4C7028585}.Debug|x64.ActiveCfg = Debug|Any CPU
		{B2D11EFC-52ED-4F47-9404-CFC4C7028585}.Debug|x64.Build.0 = Debug|Any CPU
		{B2D11EFC-52ED-4F47-9404-CFC4C7028585}.Debug|x86.ActiveCfg = Debug|Any CPU
		{B2D11EFC-52ED-4F47-9404-CFC4C7028585}.Debug|x86.Build.0 = Debug|Any CPU
		{B2D11EFC-52ED-4F47-9404-CFC4C7028585}.Release|Any CPU.ActiveCfg = Release|Any CPU
		{B2D11EFC-52ED-4F47-9404-CFC4C7028585}.Release|Any CPU.Build.0 = Release|Any CPU
		{B2D11EFC-52ED-4F47-9404-CFC4C7028585}.Release|x64.ActiveCfg = Release|Any CPU
		{B2D11EFC-52ED-4F47-9404-CFC4C7028585}.Release|x64.Build.0 = Release|Any CPU
		{B2D11EFC-52ED-4F47-9404-CFC4C7028585}.Release|x86.ActiveCfg = Release|Any CPU
		{B2D11EFC-52ED-4F47-9404-CFC4C7028585}.Release|x86.Build.0 = Release|Any CPU
		{A09397FE-742E-4297-B934-8DDF11A38CA6}.Debug|Any CPU.ActiveCfg = Debug|Any CPU
		{A09397FE-742E-4297-B934-8DDF11A38CA6}.Debug|Any CPU.Build.0 = Debug|Any CPU
		{A09397FE-742E-4297-B934-8DDF11A38CA6}.Debug|x64.ActiveCfg = Debug|Any CPU
		{A09397FE-742E-4297-B934-8DDF11A38CA6}.Debug|x64.Build.0 = Debug|Any CPU
		{A09397FE-742E-4297-B934-8DDF11A38CA6}.Debug|x86.ActiveCfg = Debug|Any CPU
		{A09397FE-742E-4297-B934-8DDF11A38CA6}.Debug|x86.Build.0 = Debug|Any CPU
		{A09397FE-742E-4297-B934-8DDF11A38CA6}.Release|Any CPU.ActiveCfg = Release|Any CPU
		{A09397FE-742E-4297-B934-8DDF11A38CA6}.Release|Any CPU.Build.0 = Release|Any CPU
		{A09397FE-742E-4297-B934-8DDF11A38CA6}.Release|x64.ActiveCfg = Release|Any CPU
		{A09397FE-742E-4297-B934-8DDF11A38CA6}.Release|x64.Build.0 = Release|Any CPU
		{A09397FE-742E-4297-B934-8DDF11A38CA6}.Release|x86.ActiveCfg = Release|Any CPU
		{A09397FE-742E-4297-B934-8DDF11A38CA6}.Release|x86.Build.0 = Release|Any CPU
		{46BED3AD-6E02-461B-B650-DD3C9AD77D56}.Debug|Any CPU.ActiveCfg = Debug|Any CPU
		{46BED3AD-6E02-461B-B650-DD3C9AD77D56}.Debug|Any CPU.Build.0 = Debug|Any CPU
		{46BED3AD-6E02-461B-B650-DD3C9AD77D56}.Debug|x64.ActiveCfg = Debug|Any CPU
		{46BED3AD-6E02-461B-B650-DD3C9AD77D56}.Debug|x64.Build.0 = Debug|Any CPU
		{46BED3AD-6E02-461B-B650-DD3C9AD77D56}.Debug|x86.ActiveCfg = Debug|Any CPU
		{46BED3AD-6E02-461B-B650-DD3C9AD77D56}.Debug|x86.Build.0 = Debug|Any CPU
		{46BED3AD-6E02-461B-B650-DD3C9AD77D56}.Release|Any CPU.ActiveCfg = Release|Any CPU
		{46BED3AD-6E02-461B-B650-DD3C9AD77D56}.Release|Any CPU.Build.0 = Release|Any CPU
		{46BED3AD-6E02-461B-B650-DD3C9AD77D56}.Release|x64.ActiveCfg = Release|Any CPU
		{46BED3AD-6E02-461B-B650-DD3C9AD77D56}.Release|x64.Build.0 = Release|Any CPU
		{46BED3AD-6E02-461B-B650-DD3C9AD77D56}.Release|x86.ActiveCfg = Release|Any CPU
		{46BED3AD-6E02-461B-B650-DD3C9AD77D56}.Release|x86.Build.0 = Release|Any CPU
		{8822A6FD-82A2-4C03-9331-053A247C7549}.Debug|Any CPU.ActiveCfg = Debug|Any CPU
		{8822A6FD-82A2-4C03-9331-053A247C7549}.Debug|Any CPU.Build.0 = Debug|Any CPU
		{8822A6FD-82A2-4C03-9331-053A247C7549}.Debug|x64.ActiveCfg = Debug|Any CPU
		{8822A6FD-82A2-4C03-9331-053A247C7549}.Debug|x64.Build.0 = Debug|Any CPU
		{8822A6FD-82A2-4C03-9331-053A247C7549}.Debug|x86.ActiveCfg = Debug|Any CPU
		{8822A6FD-82A2-4C03-9331-053A247C7549}.Debug|x86.Build.0 = Debug|Any CPU
		{8822A6FD-82A2-4C03-9331-053A247C7549}.Release|Any CPU.ActiveCfg = Release|Any CPU
		{8822A6FD-82A2-4C03-9331-053A247C7549}.Release|Any CPU.Build.0 = Release|Any CPU
		{8822A6FD-82A2-4C03-9331-053A247C7549}.Release|x64.ActiveCfg = Release|Any CPU
		{8822A6FD-82A2-4C03-9331-053A247C7549}.Release|x64.Build.0 = Release|Any CPU
		{8822A6FD-82A2-4C03-9331-053A247C7549}.Release|x86.ActiveCfg = Release|Any CPU
		{8822A6FD-82A2-4C03-9331-053A247C7549}.Release|x86.Build.0 = Release|Any CPU
		{13B4C113-5E3B-45E2-886F-1BF0572F1AFA}.Debug|Any CPU.ActiveCfg = Debug|Any CPU
		{13B4C113-5E3B-45E2-886F-1BF0572F1AFA}.Debug|Any CPU.Build.0 = Debug|Any CPU
		{13B4C113-5E3B-45E2-886F-1BF0572F1AFA}.Debug|x64.ActiveCfg = Debug|Any CPU
		{13B4C113-5E3B-45E2-886F-1BF0572F1AFA}.Debug|x64.Build.0 = Debug|Any CPU
		{13B4C113-5E3B-45E2-886F-1BF0572F1AFA}.Debug|x86.ActiveCfg = Debug|Any CPU
		{13B4C113-5E3B-45E2-886F-1BF0572F1AFA}.Debug|x86.Build.0 = Debug|Any CPU
		{13B4C113-5E3B-45E2-886F-1BF0572F1AFA}.Release|Any CPU.ActiveCfg = Release|Any CPU
		{13B4C113-5E3B-45E2-886F-1BF0572F1AFA}.Release|Any CPU.Build.0 = Release|Any CPU
		{13B4C113-5E3B-45E2-886F-1BF0572F1AFA}.Release|x64.ActiveCfg = Release|Any CPU
		{13B4C113-5E3B-45E2-886F-1BF0572F1AFA}.Release|x64.Build.0 = Release|Any CPU
		{13B4C113-5E3B-45E2-886F-1BF0572F1AFA}.Release|x86.ActiveCfg = Release|Any CPU
		{13B4C113-5E3B-45E2-886F-1BF0572F1AFA}.Release|x86.Build.0 = Release|Any CPU
	EndGlobalSection
	GlobalSection(SolutionProperties) = preSolution
		HideSolutionNode = FALSE
	EndGlobalSection
	GlobalSection(NestedProjects) = preSolution
		{B2D11EFC-52ED-4F47-9404-CFC4C7028585} = {01F77388-4704-4C37-9BBA-7F47E6FAB7DD}
		{A09397FE-742E-4297-B934-8DDF11A38CA6} = {01F77388-4704-4C37-9BBA-7F47E6FAB7DD}
		{46BED3AD-6E02-461B-B650-DD3C9AD77D56} = {01F77388-4704-4C37-9BBA-7F47E6FAB7DD}
		{8822A6FD-82A2-4C03-9331-053A247C7549} = {FAF974D3-9904-469B-8A68-00CAE54D3DE2}
		{13B4C113-5E3B-45E2-886F-1BF0572F1AFA} = {FAF974D3-9904-469B-8A68-00CAE54D3DE2}
	EndGlobalSection
	GlobalSection(ExtensibilityGlobals) = postSolution
		SolutionGuid = {B371ED4A-1CD5-43D7-BD90-88CFD21A78D5}
	EndGlobalSection
EndGlobal
